PyYAML==6.0.3 \
    --hash=sha256:10892704fc220243f5305762e276552a0395f7beb4dbf9b14ec8fd43b57f126c \
    --hash=sha256:b8bb0864c5a28024fac8a632c443c87c5aa6f215c0b126c449ae1a150412f31d
attrs==26.1.0 \
    --hash=sha256:c647aa4a12dfbad9333ca4e71fe62ddc36f4e63b2d260a37a8b83d2f043ac309
jsonschema==4.25.1 \
    --hash=sha256:3fba0169e345c7175110351d456342c364814cfcf3b964ba4587f22915230a63
jsonschema-specifications==2025.9.1 \
    --hash=sha256:98802fee3a11ee76ecaca44429fda8a41bff98b00a0f2838151b113f210cc6fe
referencing==0.36.2 \
    --hash=sha256:e8699adbbf8b5c7de96d8ffa0eb5c158b3beafce084968e2ea8bb08c6794dcd0
rpds-py==0.27.1 \
    --hash=sha256:4708c5c0ceb2d034f9991623631d3d23cb16e65c83736ea020cdbe28d57c0a0e \
    --hash=sha256:cb56c6210ef77caa58e16e8c17d35c63fe3f5b60fd9ba9d424470c3400bcf9ed
typing-extensions==4.16.0 \
    --hash=sha256:481caa481374e813c1b176ada14e97f1f67a4539ce9cfeb3f350d78d6370c2e8
